{
    "_readme": [
        "This file locks the dependencies of your project to a known state",
        "Read more about it at https://getcomposer.org/doc/01-basic-usage.md#composer-lock-the-lock-file",
        "This file is @generated automatically"
    ],
    "hash": "3000740525ecb22f9217a25b0104537e",
    "content-hash": "4f073f0a2a0350f1308a78b6f049adcc",
    "packages": [
        {
            "name": "klein/klein",
            "version": "v2.0.2",
            "source": {
                "type": "git",
                "url": "https://github.com/klein/klein.php.git",
                "reference": "6e1f228ce82333b437402dafad049713eb3eeac6"
            },
            "dist": {
                "type": "zip",
                "url": "https://api.github.com/repos/klein/klein.php/zipball/6e1f228ce82333b437402dafad049713eb3eeac6",
                "reference": "6e1f228ce82333b437402dafad049713eb3eeac6",
                "shasum": ""
            },
            "require": {
                "php": ">=5.3.0"
            },
            "require-dev": {
                "phpunit/phpunit": "3.7.x"
            },
            "type": "library",
            "autoload": {
                "psr-0": {
                    "Klein": "."
                }
            },
            "notification-url": "https://packagist.org/downloads/",
            "license": [
                "MIT"
            ],
            "authors": [
                {
                    "name": "Chris O'Hara",
                    "email": "cohara87@gmail.com",
                    "homepage": "http://chris6f.com/",
                    "role": "Creator/Developer"
                },
                {
                    "name": "Trevor Suarez",
                    "email": "rican7@gmail.com",
                    "homepage": "http://about.me/tnsuarez",
                    "role": "Contributor/Developer"
                }
            ],
            "description": "A lightning fast router for PHP",
            "homepage": "https://github.com/chriso/klein.php",
            "keywords": [
                "boilerplate",
                "router",
                "routing",
                "sinatra"
            ],
            "time": "2013-06-16 23:32:47"
        },
        {
            "name": "phpmailer/phpmailer",
            "version": "v5.2.14",
            "source": {
                "type": "git",
                "url": "https://github.com/PHPMailer/PHPMailer.git",
                "reference": "e774bc9152de85547336e22b8926189e582ece95"
            },
            "dist": {
                "type": "zip",
                "url": "https://api.github.com/repos/PHPMailer/PHPMailer/zipball/e774bc9152de85547336e22b8926189e582ece95",
                "reference": "e774bc9152de85547336e22b8926189e582ece95",
                "shasum": ""
            },
            "require": {
                "php": ">=5.0.0"
            },
            "require-dev": {
                "phpdocumentor/phpdocumentor": "*",
                "phpunit/phpunit": "4.7.*"
            },
            "suggest": {
                "league/oauth2-client": "Needed for XOAUTH2 authentication",
                "league/oauth2-google": "Needed for Gmail XOAUTH2"
            },
            "type": "library",
            "autoload": {
                "classmap": [
                    "class.phpmailer.php",
                    "class.phpmaileroauth.php",
                    "class.phpmaileroauthgoogle.php",
                    "class.smtp.php",
                    "class.pop3.php",
                    "extras/EasyPeasyICS.php",
                    "extras/ntlm_sasl_client.php"
                ]
            },
            "notification-url": "https://packagist.org/downloads/",
            "license": [
                "LGPL-2.1"
            ],
            "authors": [
                {
                    "name": "Jim Jagielski",
                    "email": "jimjag@gmail.com"
                },
                {
                    "name": "Marcus Bointon",
                    "email": "phpmailer@synchromedia.co.uk"
                },
                {
                    "name": "Andy Prevost",
                    "email": "codeworxtech@users.sourceforge.net"
                },
                {
                    "name": "Brent R. Matzelle"
                }
            ],
            "description": "PHPMailer is a full-featured email creation and transfer class for PHP",
            "time": "2015-11-01 10:15:28"
        }
    ],
    "packages-dev": [],
    "aliases": [],
    "minimum-stability": "stable",
    "stability-flags": [],
    "prefer-stable": false,
    "prefer-lowest": false,
    "platform": [],
    "platform-dev": []
}
